// !$*UTF8*$!
{
	archiveVersion = 1;
	classes = {
	};
	objectVersion = 56;
	objects = {

/* Begin PBXBuildFile section */
		E24A40BC2DDB34A300BCAF71 /* AppDelegate.swift in Sources */ = {isa = PBXBuildFile; fileRef = E24A40BB2DDB34A300BCAF71 /* AppDelegate.swift */; };
		E24A40BE2DDB34A300BCAF71 /* SceneDelegate.swift in Sources */ = {isa = PBXBuildFile; fileRef = E24A40BD2DDB34A300BCAF71 /* SceneDelegate.swift */; };
		E24A40C02DDB34A300BCAF71 /* ViewController.swift in Sources */ = {isa = PBXBuildFile; fileRef = E24A40BF2DDB34A300BCAF71 /* ViewController.swift */; };
		E24A40C32DDB34A300BCAF71 /* Main.storyboard in Resources */ = {isa = PBXBuildFile; fileRef = E24A40C12DDB34A300BCAF71 /* Main.storyboard */; };
		E24A40C52DDB34A500BCAF71 /* Assets.xcassets in Resources */ = {isa = PBXBuildFile; fileRef = E24A40C42DDB34A500BCAF71 /* Assets.xcassets */; };
		E24A40C82DDB34A500BCAF71 /* LaunchScreen.storyboard in Resources */ = {isa = PBXBuildFile; fileRef = E24A40C62DDB34A500BCAF71 /* LaunchScreen.storyboard */; };
		E24A40D02DDB355100BCAF71 /* SecondViewController.swift in Sources */ = {isa = PBXBuildFile; fileRef = E24A40CF2DDB355100BCAF71 /* SecondViewController.swift */; };
		E24A40D22DDB393000BCAF71 /* Student.swift in Sources */ = {isa = PBXBuildFile; fileRef = E24A40D12DDB393000BCAF71 /* Student.swift */; };
		E24A40D42DDB396800BCAF71 /* MoveDataToBack.swift in Sources */ = {isa = PBXBuildFile; fileRef = E24A40D32DDB396800BCAF71 /* MoveDataToBack.swift */; };
/* End PBXBuildFile section */

/* Begin PBXFileReference section */
		E24A40B82DDB34A300BCAF71 /* BackDataPassing_usingPlusSign.app */ = {isa = PBXFileReference; explicitFileType = wrapper.application; includeInIndex = 0; path = BackDataPassing_usingPlusSign.app; sourceTree = BUILT_PRODUCTS_DIR; };
		E24A40BB2DDB34A300BCAF71 /* AppDelegate.swift */ = {isa = PBXFileReference; lastKnownFileType = sourcecode.swift; path = AppDelegate.swift; sourceTree = "<group>"; };
		E24A40BD2DDB34A300BCAF71 /* SceneDelegate.swift */ = {isa = PBXFileReference; lastKnownFileType = sourcecode.swift; path = SceneDelegate.swift; sourceTree = "<group>"; };
		E24A40BF2DDB34A300BCAF71 /* ViewController.swift */ = {isa = PBXFileReference; lastKnownFileType = sourcecode.swift; path = ViewController.swift; sourceTree = "<group>"; };
		E24A40C22DDB34A300BCAF71 /* Base */ = {isa = PBXFileReference; lastKnownFileType = file.storyboard; name = Base; path = Base.lproj/Main.storyboard; sourceTree = "<group>"; };
		E24A40C42DDB34A500BCAF71 /* Assets.xcassets */ = {isa = PBXFileReference; lastKnownFileType = folder.assetcatalog; path = Assets.xcassets; sourceTree = "<group>"; };
		E24A40C72DDB34A500BCAF71 /* Base */ = {isa = PBXFileReference; lastKnownFileType = file.storyboard; name = Base; path = Base.lproj/LaunchScreen.storyboard; sourceTree = "<group>"; };
		E24A40C92DDB34A500BCAF71 /* Info.plist */ = {isa = PBXFileReference; lastKnownFileType = text.plist.xml; path = Info.plist; sourceTree = "<group>"; };
		E24A40CF2DDB355100BCAF71 /* SecondViewController.swift */ = {isa = PBXFileReference; lastKnownFileType = sourcecode.swift; path = SecondViewController.swift; sourceTree = "<group>"; };
		E24A40D12DDB393000BCAF71 /* Student.swift */ = {isa = PBXFileReference; lastKnownFileType = sourcecode.swift; path = Student.swift; sourceTree = "<group>"; };
		E24A40D32DDB396800BCAF71 /* MoveDataToBack.swift */ = {isa = PBXFileReference; lastKnownFileType = sourcecode.swift; path = MoveDataToBack.swift; sourceTree = "<group>"; };
/* End PBXFileReference section */

/* Begin PBXFrameworksBuildPhase section */
		E24A40B52DDB34A300BCAF71 /* Frameworks */ = {
			isa = PBXFrameworksBuildPhase;
			buildActionMask = 2147483647;
			files = (
			);
			runOnlyForDeploymentPostprocessing = 0;
		};
/* End PBXFrameworksBuildPhase section */

/* Begin PBXGroup section */
		E24A40AF2DDB34A300BCAF71 = {
			isa = PBXGroup;
			children = (
				E24A40BA2DDB34A300BCAF71 /* BackDataPassing_usingPlusSign */,
				E24A40B92DDB34A300BCAF71 /* Products */,
			);
			sourceTree = "<group>";
		};
		E24A40B92DDB34A300BCAF71 /* Products */ = {
			isa = PBXGroup;
			children = (
				E24A40B82DDB34A300BCAF71 /* BackDataPassing_usingPlusSign.app */,
			);
			name = Products;
			sourceTree = "<group>";
		};
		E24A40BA2DDB34A300BCAF71 /* BackDataPassing_usingPlusSign */ = {
			isa = PBXGroup;
			children = (
				E24A40BB2DDB34A300BCAF71 /* AppDelegate.swift */,
				E24A40BD2DDB34A300BCAF71 /* SceneDelegate.swift */,
				E24A40BF2DDB34A300BCAF71 /* ViewController.swift */,
				E24A40C12DDB34A300BCAF71 /* Main.storyboard */,
				E24A40CF2DDB355100BCAF71 /* SecondViewController.swift */,
				E24A40D12DDB393000BCAF71 /* Student.swift */,
				E24A40D32DDB396800BCAF71 /* MoveDataToBack.swift */,
				E24A40C42DDB34A500BCAF71 /* Assets.xcassets */,
				E24A40C62DDB34A500BCAF71 /* LaunchScreen.storyboard */,
				E24A40C92DDB34A500BCAF71 /* Info.plist */,
			);
			path = BackDataPassing_usingPlusSign;
			sourceTree = "<group>";
		};
/* End PBXGroup section */

/* Begin PBXNativeTarget section */
		E24A40B72DDB34A300BCAF71 /* BackDataPassing_usingPlusSign */ = {
			isa = PBXNativeTarget;
			buildConfigurationList = E24A40CC2DDB34A500BCAF71 /* Build configuration list for PBXNativeTarget "BackDataPassing_usingPlusSign" */;
			buildPhases = (
				E24A40B42DDB34A300BCAF71 /* Sources */,
				E24A40B52DDB34A300BCAF71 /* Frameworks */,
				E24A40B62DDB34A300BCAF71 /* Resources */,
			);
			buildRules = (
			);
			dependencies = (
			);
			name = BackDataPassing_usingPlusSign;
			productName = BackDataPassing_usingPlusSign;
			productReference = E24A40B82DDB34A300BCAF71 /* BackDataPassing_usingPlusSign.app */;
			productType = "com.apple.product-type.application";
		};
/* End PBXNativeTarget section */

/* Begin PBXProject section */
		E24A40B02DDB34A300BCAF71 /* Project object */ = {
			isa = PBXProject;
			attributes = {
				BuildIndependentTargetsInParallel = 1;
				LastSwiftUpdateCheck = 1520;
				LastUpgradeCheck = 1520;
				TargetAttributes = {
					E24A40B72DDB34A300BCAF71 = {
						CreatedOnToolsVersion = 15.2;
					};
				};
			};
			buildConfigurationList = E24A40B32DDB34A300BCAF71 /* Build configuration list for PBXProject "BackDataPassing_usingPlusSign" */;
			compatibilityVersion = "Xcode 14.0";
			developmentRegion = en;
			hasScannedForEncodings = 0;
			knownRegions = (
				en,
				Base,
			);
			mainGroup = E24A40AF2DDB34A300BCAF71;
			productRefGroup = E24A40B92DDB34A300BCAF71 /* Products */;
			projectDirPath = "";
			projectRoot = "";
			targets = (
				E24A40B72DDB34A300BCAF71 /* BackDataPassing_usingPlusSign */,
			);
		};
/* End PBXProject section */

/* Begin PBXResourcesBuildPhase section */
		E24A40B62DDB34A300BCAF71 /* Resources */ = {
			isa = PBXResourcesBuildPhase;
			buildActionMask = 2147483647;
			files = (
				E24A40C82DDB34A500BCAF71 /* LaunchScreen.storyboard in Resources */,
				E24A40C52DDB34A500BCAF71 /* Assets.xcassets in Resources */,
				E24A40C32DDB34A300BCAF71 /* Main.storyboard in Resources */,
			);
			runOnlyForDeploymentPostprocessing = 0;
		};
/* End PBXResourcesBuildPhase section */

/* Begin PBXSourcesBuildPhase section */
		E24A40B42DDB34A300BCAF71 /* Sources */ = {
			isa = PBXSourcesBuildPhase;
			buildActionMask = 2147483647;
			files = (
				E24A40D02DDB355100BCAF71 /* SecondViewController.swift in Sources */,
				E24A40C02DDB34A300BCAF71 /* ViewController.swift in Sources */,
				E24A40D42DDB396800BCAF71 /* MoveDataToBack.swift in Sources */,
				E24A40BC2DDB34A300BCAF71 /* AppDelegate.swift in Sources */,
				E24A40D22DDB393000BCAF71 /* Student.swift in Sources */,
				E24A40BE2DDB34A300BCAF71 /* SceneDelegate.swift in Sources */,
			);
			runOnlyForDeploymentPostprocessing = 0;
		};
/* End PBXSourcesBuildPhase section */

/* Begin PBXVariantGroup section */
		E24A40C12DDB34A300BCAF71 /* Main.storyboard */ = {
			isa = PBXVariantGroup;
			children = (
				E24A40C22DDB34A300BCAF71 /* Base */,
			);
			name = Main.storyboard;
			sourceTree = "<group>";
		};
		E24A40C62DDB34A500BCAF71 /* LaunchScreen.storyboard */ = {
			isa = PBXVariantGroup;
			children = (
				E24A40C72DDB34A500BCAF71 /* Base */,
			);
			name = LaunchScreen.storyboard;
			sourceTree = "<group>";
		};
/* End PBXVariantGroup section */

/* Begin XCBuildConfiguration section */
		E24A40CA2DDB34A500BCAF71 /* Debug */ = {
			isa = XCBuildConfiguration;
			buildSettings = {
				ALWAYS_SEARCH_USER_PATHS = NO;
				ASSETCATALOG_COMPILER_GENERATE_SWIFT_ASSET_SYMBOL_EXTENSIONS = YES;
				CLANG_ANALYZER_NONNULL = YES;
				CLANG_ANALYZER_NUMBER_OBJECT_CONVERSION = YES_AGGRESSIVE;
				CLANG_CXX_LANGUAGE_STANDARD = "gnu++20";
				CLANG_ENABLE_MODULES = YES;
				CLANG_ENABLE_OBJC_ARC = YES;
				CLANG_ENABLE_OBJC_WEAK = YES;
				CLANG_WARN_BLOCK_CAPTURE_AUTORELEASING = YES;
				CLANG_WARN_BOOL_CONVERSION = YES;
				CLANG_WARN_COMMA = YES;
				CLANG_WARN_CONSTANT_CONVERSION = YES;
				CLANG_WARN_DEPRECATED_OBJC_IMPLEMENTATIONS = YES;
				CLANG_WARN_DIRECT_OBJC_ISA_USAGE = YES_ERROR;
				CLANG_WARN_DOCUMENTATION_COMMENTS = YES;
				CLANG_WARN_EMPTY_BODY = YES;
				CLANG_WARN_ENUM_CONVERSION = YES;
				CLANG_WARN_INFINITE_RECURSION = YES;
				CLANG_WARN_INT_CONVERSION = YES;
				CLANG_WARN_NON_LITERAL_NULL_CONVERSION = YES;
				CLANG_WARN_OBJC_IMPLICIT_RETAIN_SELF = YES;
				CLANG_WARN_OBJC_LITERAL_CONVERSION = YES;
				CLANG_WARN_OBJC_ROOT_CLASS = YES_ERROR;
				CLANG_WARN_QUOTED_INCLUDE_IN_FRAMEWORK_HEADER = YES;
				CLANG_WARN_RANGE_LOOP_ANALYSIS = YES;
				CLANG_WARN_STRICT_PROTOTYPES = YES;
				CLANG_WARN_SUSPICIOUS_MOVE = YES;
				CLANG_WARN_UNGUARDED_AVAILABILITY = YES_AGGRESSIVE;
				CLANG_WARN_UNREACHABLE_CODE = YES;
				CLANG_WARN__DUPLICATE_METHOD_MATCH = YES;
				COPY_PHASE_STRIP = NO;
				DEBUG_INFORMATION_FORMAT = dwarf;
				ENABLE_STRICT_OBJC_MSGSEND = YES;
				ENABLE_TESTABILITY = YES;
				ENABLE_USER_SCRIPT_SANDBOXING = YES;
				GCC_C_LANGUAGE_STANDARD = gnu17;
				GCC_DYNAMIC_NO_PIC = NO;
				GCC_NO_COMMON_BLOCKS = YES;
				GCC_OPTIMIZATION_LEVEL = 0;
				GCC_PREPROCESSOR_DEFINITIONS = (
					"DEBUG=1",
					"$(inherited)",
				);
				GCC_WARN_64_TO_32_BIT_CONVERSION = YES;
				GCC_WARN_ABOUT_RETURN_TYPE = YES_ERROR;
				GCC_WARN_UNDECLARED_SELECTOR = YES;
				GCC_WARN_UNINITIALIZED_AUTOS = YES_AGGRESSIVE;
				GCC_WARN_UNUSED_FUNCTION = YES;
				GCC_WARN_UNUSED_VARIABLE = YES;
				IPHONEOS_DEPLOYMENT_TARGET = 17.2;
				LOCALIZATION_PREFERS_STRING_CATALOGS = YES;
				MTL_ENABLE_DEBUG_INFO = INCLUDE_SOURCE;
				MTL_FAST_MATH = YES;
				ONLY_ACTIVE_ARCH = YES;
				SDKROOT = iphoneos;
				SWIFT_ACTIVE_COMPILATION_CONDITIONS = "DEBUG $(inherited)";
				SWIFT_OPTIMIZATION_LEVEL = "-Onone";
			};
			name = Debug;
		};
		E24A40CB2DDB34A500BCAF71 /* Release */ = {
			isa = XCBuildConfiguration;
			buildSettings = {
				ALWAYS_SEARCH_USER_PATHS = NO;
				ASSETCATALOG_COMPILER_GENERATE_SWIFT_ASSET_SYMBOL_EXTENSIONS = YES;
				CLANG_ANALYZER_NONNULL = YES;
				CLANG_ANALYZER_NUMBER_OBJECT_CONVERSION = YES_AGGRESSIVE;
				CLANG_CXX_LANGUAGE_STANDARD = "gnu++20";
				CLANG_ENABLE_MODULES = YES;
				CLANG_ENABLE_OBJC_ARC = YES;
				CLANG_ENABLE_OBJC_WEAK = YES;
				CLANG_WARN_BLOCK_CAPTURE_AUTORELEASING = YES;
				CLANG_WARN_BOOL_CONVERSION = YES;
				CLANG_WARN_COMMA = YES;
				CLANG_WARN_CONSTANT_CONVERSION = YES;
				CLANG_WARN_DEPRECATED_OBJC_IMPLEMENTATIONS = YES;
				CLANG_WARN_DIRECT_OBJC_ISA_USAGE = YES_ERROR;
				CLANG_WARN_DOCUMENTATION_COMMENTS = YES;
				CLANG_WARN_EMPTY_BODY = YES;
				CLANG_WARN_ENUM_CONVERSION = YES;
				CLANG_WARN_INFINITE_RECURSION = YES;
				CLANG_WARN_INT_CONVERSION = YES;
				CLANG_WARN_NON_LITERAL_NULL_CONVERSION = YES;
				CLANG_WARN_OBJC_IMPLICIT_RETAIN_SELF = YES;
				CLANG_WARN_OBJC_LITERAL_CONVERSION = YES;
				CLANG_WARN_OBJC_ROOT_CLASS = YES_ERROR;
				CLANG_WARN_QUOTED_INCLUDE_IN_FRAMEWORK_HEADER = YES;
				CLANG_WARN_RANGE_LOOP_ANALYSIS = YES;
				CLANG_WARN_STRICT_PROTOTYPES = YES;
				CLANG_WARN_SUSPICIOUS_MOVE = YES;
				CLANG_WARN_UNGUARDED_AVAILABILITY = YES_AGGRESSIVE;
				CLANG_WARN_UNREACHABLE_CODE = YES;
				CLANG_WARN__DUPLICATE_METHOD_MATCH = YES;
				COPY_PHASE_STRIP = NO;
				DEBUG_INFORMATION_FORMAT = "dwarf-with-dsym";
				ENABLE_NS_ASSERTIONS = NO;
				ENABLE_STRICT_OBJC_MSGSEND = YES;
				ENABLE_USER_SCRIPT_SANDBOXING = YES;
				GCC_C_LANGUAGE_STANDARD = gnu17;
				GCC_NO_COMMON_BLOCKS = YES;
				GCC_WARN_64_TO_32_BIT_CONVERSION = YES;
				GCC_WARN_ABOUT_RETURN_TYPE = YES_ERROR;
				GCC_WARN_UNDECLARED_SELECTOR = YES;
				GCC_WARN_UNINITIALIZED_AUTOS = YES_AGGRESSIVE;
				GCC_WARN_UNUSED_FUNCTION = YES;
				GCC_WARN_UNUSED_VARIABLE = YES;
				IPHONEOS_DEPLOYMENT_TARGET = 17.2;
				LOCALIZATION_PREFERS_STRING_CATALOGS = YES;
				MTL_ENABLE_DEBUG_INFO = NO;
				MTL_FAST_MATH = YES;
				SDKROOT = iphoneos;
				SWIFT_COMPILATION_MODE = wholemodule;
				VALIDATE_PRODUCT = YES;
			};
			name = Release;
		};
		E24A40CD2DDB34A500BCAF71 /* Debug */ = {
			isa = XCBuildConfiguration;
			buildSettings = {
				ASSETCATALOG_COMPILER_APPICON_NAME = AppIcon;
				ASSETCATALOG_COMPILER_GLOBAL_ACCENT_COLOR_NAME = AccentColor;
				CODE_SIGN_STYLE = Automatic;
				CURRENT_PROJECT_VERSION = 1;
				GENERATE_INFOPLIST_FILE = YES;
				INFOPLIST_FILE = BackDataPassing_usingPlusSign/Info.plist;
				INFOPLIST_KEY_UIApplicationSupportsIndirectInputEvents = YES;
				INFOPLIST_KEY_UILaunchStoryboardName = LaunchScreen;
				INFOPLIST_KEY_UIMainStoryboardFile = Main;
				INFOPLIST_KEY_UISupportedInterfaceOrientations_iPad = "UIInterfaceOrientationPortrait UIInterfaceOrientationPortraitUpsideDown UIInterfaceOrientationLandscapeLeft UIInterfaceOrientationLandscapeRight";
				INFOPLIST_KEY_UISupportedInterfaceOrientations_iPhone = "UIInterfaceOrientationPortrait UIInterfaceOrientationLandscapeLeft UIInterfaceOrientationLandscapeRight";
				LD_RUNPATH_SEARCH_PATHS = (
					"$(inherited)",
					"@executable_path/Frameworks",
				);
				MARKETING_VERSION = 1.0;
				PRODUCT_BUNDLE_IDENTIFIER = "suhan-mulla.BackDataPassing-usingPlusSign";
				PRODUCT_NAME = "$(TARGET_NAME)";
				SWIFT_EMIT_LOC_STRINGS = YES;
				SWIFT_VERSION = 5.0;
				TARGETED_DEVICE_FAMILY = "1,2";
			};
			name = Debug;
		};
		E24A40CE2DDB34A500BCAF71 /* Release */ = {
			isa = XCBuildConfiguration;
			buildSettings = {
				ASSETCATALOG_COMPILER_APPICON_NAME = AppIcon;
				ASSETCATALOG_COMPILER_GLOBAL_ACCENT_COLOR_NAME = AccentColor;
				CODE_SIGN_STYLE = Automatic;
				CURRENT_PROJECT_VERSION = 1;
				GENERATE_INFOPLIST_FILE = YES;
				INFOPLIST_FILE = BackDataPassing_usingPlusSign/Info.plist;
				INFOPLIST_KEY_UIApplicationSupportsIndirectInputEvents = YES;
				INFOPLIST_KEY_UILaunchStoryboardName = LaunchScreen;
				INFOPLIST_KEY_UIMainStoryboardFile = Main;
				INFOPLIST_KEY_UISupportedInterfaceOrientations_iPad = "UIInterfaceOrientationPortrait UIInterfaceOrientationPortraitUpsideDown UIInterfaceOrientationLandscapeLeft UIInterfaceOrientationLandscapeRight";
				INFOPLIST_KEY_UISupportedInterfaceOrientations_iPhone = "UIInterfaceOrientationPortrait UIInterfaceOrientationLandscapeLeft UIInterfaceOrientationLandscapeRight";
				LD_RUNPATH_SEARCH_PATHS = (
					"$(inherited)",
					"@executable_path/Frameworks",
				);
				MARKETING_VERSION = 1.0;
				PRODUCT_BUNDLE_IDENTIFIER = "suhan-mulla.BackDataPassing-usingPlusSign";
				PRODUCT_NAME = "$(TARGET_NAME)";
				SWIFT_EMIT_LOC_STRINGS = YES;
				SWIFT_VERSION = 5.0;
				TARGETED_DEVICE_FAMILY = "1,2";
			};
			name = Release;
		};
/* End XCBuildConfiguration section */

/* Begin XCConfigurationList section */
		E24A40B32DDB34A300BCAF71 /* Build configuration list for PBXProject "BackDataPassing_usingPlusSign" */ = {
			isa = XCConfigurationList;
			buildConfigurations = (
				E24A40CA2DDB34A500BCAF71 /* Debug */,
				E24A40CB2DDB34A500BCAF71 /* Release */,
			);
			defaultConfigurationIsVisible = 0;
			defaultConfigurationName = Release;
		};
		E24A40CC2DDB34A500BCAF71 /* Build configuration list for PBXNativeTarget "BackDataPassing_usingPlusSign" */ = {
			isa = XCConfigurationList;
			buildConfigurations = (
				E24A40CD2DDB34A500BCAF71 /* Debug */,
				E24A40CE2DDB34A500BCAF71 /* Release */,
			);
			defaultConfigurationIsVisible = 0;
			defaultConfigurationName = Release;
		};
/* End XCConfigurationList section */
	};
	rootObject = E24A40B02DDB34A300BCAF71 /* Project object */;
}
